DOTA_Tooltip_ability_warlock_fatal_bonds_arena: Fatal Bonds
DOTA_Tooltip_ability_warlock_fatal_bonds_arena_Description: 'Binds several enemy units together, causing %damage_share_percentage%%% of the damage dealt to one of them to be felt by the others. Also causes enemies to take %bonus_damage_taken%%% more damage from all sources.'
DOTA_Tooltip_ability_warlock_fatal_bonds_arena_Lore: An ancient incantation that links the vital energies of multiple lifeforms into one collective body.
DOTA_Tooltip_ability_warlock_fatal_bonds_arena_Note0: Damage will disable abilities and items like Blink Dagger.
DOTA_Tooltip_ability_warlock_fatal_bonds_arena_count: 'ENEMIES BOUND:'
DOTA_Tooltip_ability_warlock_fatal_bonds_arena_duration: 'DURATION:'
DOTA_Tooltip_ability_warlock_fatal_bonds_arena_bonus_damage_taken: '%BONUS DAMAGE TAKEN:'
DOTA_Tooltip_modifier_warlock_fatal_bonds_arena: Fatal Bonds
DOTA_Tooltip_modifier_warlock_fatal_bonds_arena_Description: Distributing %dMODIFIER_PROPERTY_TOOLTIP%% of all damage to linked units. Increases all incoming damage by %dMODIFIER_PROPERTY_INCOMING_DAMAGE_PERCENTAGE%%.

DOTA_Tooltip_ability_warlock_shadow_word_arena: Shadow Word
DOTA_Tooltip_ability_warlock_shadow_word_arena_Description: |-
  Warlock whispers an incantation, healing a friendly unit or damaging an enemy unit over time. When casted on self healing is multiplied by 2. When casted on any another unit Warlock will get healing divided by 2.
  When casted on enemy additionally to damage has small chance to spawn Mini Golem, that is weaker version of golem from Chaotic Offering. Golem will attack enemy which has debuff that caused Mini Golem to spawn.
DOTA_Tooltip_ability_warlock_shadow_word_arena_Lore: 'Demnok''s arcane arts have a myriad of uses, allowing them to be powerful friendly enchantments or damaging curses.'
DOTA_Tooltip_ability_warlock_shadow_word_arena_Note0: Warlock can't control Mini Golem.
DOTA_Tooltip_ability_warlock_shadow_word_arena_duration: 'DURATION:'
DOTA_Tooltip_ability_warlock_shadow_word_arena_minigolem_chance: '%GOLEM SPAWN CHANCE:'
DOTA_Tooltip_ability_warlock_shadow_word_arena_minigolem_duration: 'GOLEM DURATION:'
DOTA_Tooltip_modifier_modifier_shadow_word_self_secondary: Shadow Word
DOTA_Tooltip_modifier_modifier_shadow_word_self_secondary_Description: Taking periodic heal.
DOTA_Tooltip_modifier_modifier_shadow_word_self: Shadow Word
DOTA_Tooltip_modifier_modifier_shadow_word_self_Description: Taking periodic heal.
DOTA_Tooltip_modifier_modifier_shadow_word_buff: Shadow Word
DOTA_Tooltip_modifier_modifier_shadow_word_buff_Description: Taking periodic heal.
DOTA_Tooltip_modifier_modifier_shadow_word_debuff: Shadow Word
DOTA_Tooltip_modifier_modifier_shadow_word_debuff_Description: Taking periodic damage. Has a chance to spawn enemy Mini Golem.
npc_dota_warlock_minigolem: Mini Golem

DOTA_Tooltip_ability_warlock_upheaval_arena: Upheaval
DOTA_Tooltip_ability_warlock_upheaval_arena_Description: Warlock places a powerful slowing current that grows stronger with time. Lasts up to %cast_duration% seconds. Enemies are slowed for %debuff_duration% seconds after leaving the area or the spell ends.
DOTA_Tooltip_ability_warlock_upheaval_arena_Lore: 'Demnok manipulates space-time, impairing entire armies.'
DOTA_Tooltip_ability_warlock_upheaval_arena_aoe: 'RADIUS:'
DOTA_Tooltip_ability_warlock_upheaval_arena_slow_rate: '%SLOW PER SECOND:'
DOTA_Tooltip_modifier_modifier_upheaval_arena_debuff: Upheaval
DOTA_Tooltip_modifier_modifier_upheaval_arena_debuff_Description: Movement Speed reduced by %dMODIFIER_PROPERTY_MOVESPEED_BONUS_PERCENTAGE%%%

DOTA_Tooltip_ability_warlock_rain_of_chaos_arena: Chaotic Offering
DOTA_Tooltip_ability_warlock_rain_of_chaos_arena_Description: 'Summons a Golem from the depths, stunning enemies for one second. The Golem lives 60 seconds, takes reduced damage from spells, has Permanent Immolation and Flaming Fists on attack.'
DOTA_Tooltip_ability_warlock_rain_of_chaos_arena_Lore: 'Demnok unleashes the captive spirit in his Dreadwood staff, causing destruction in enemy ranks.'
DOTA_Tooltip_ability_warlock_rain_of_chaos_arena_Note0: Spell Immune units will be stunned.
DOTA_Tooltip_ability_warlock_rain_of_chaos_arena_Note1: This ability destroys trees in its area of effect.
DOTA_Tooltip_ability_warlock_rain_of_chaos_arena_stun_duration: 'STUN DURATION:'
DOTA_Tooltip_ability_warlock_rain_of_chaos_arena_aoe: 'SUMMON BLAST RADIUS:'
DOTA_Tooltip_ability_warlock_rain_of_chaos_arena_golem_hp_tooltip: 'GOLEM HEALTH:'
DOTA_Tooltip_ability_warlock_rain_of_chaos_arena_golem_dmg_tooltip: 'GOLEM DAMAGE:'
DOTA_Tooltip_ability_warlock_rain_of_chaos_arena_golem_armor_tooltip: 'GOLEM ARMOR:'
DOTA_Tooltip_ability_warlock_rain_of_chaos_arena_golem_regen_tooltip: 'GOLEM HEALTH REGEN:'
DOTA_Tooltip_ability_warlock_rain_of_chaos_arena_bounty_reduction_scepter: 'SCEPTER GOLEM BOUNTY:'
DOTA_Tooltip_ability_warlock_rain_of_chaos_arena_number_of_golems_scepter: 'SCEPTER NUMBER OF GOLEMS:'
DOTA_Tooltip_ability_warlock_rain_of_chaos_arena_golem_hp_tooltip_scepter: 'SCEPTER GOLEM HEALTH:'
DOTA_Tooltip_ability_warlock_rain_of_chaos_arena_golem_dmg_tooltip_scepter: 'SCEPTER GOLEM DAMAGE:'
DOTA_Tooltip_ability_warlock_rain_of_chaos_arena_aghanim_description: Calls several changed Golems.
npc_dota_warlock_golem_base: Warlock Golem
npc_dota_warlock_golem_scepter_base: Warlock Golem
